
Microsoft Visual Studio Solution File, Format Version 12.00
# Visual Studio Version 17
VisualStudioVersion = 17.8.34330.188
MinimumVisualStudioVersion = 10.0.40219.1
Project("{9A19103F-16F7-4668-BE54-9A1E7A4F7556}") = "Apps.Crowdin", "Apps.Crowdin\Apps.Crowdin.csproj", "{985D4B79-F67D-41F3-B810-0BDAAC040E78}"
EndProject
Project("{FAE04EC0-301F-11D3-BF4B-00C04F79EFBC}") = "ConsoleApp1", "ConsoleApp1\ConsoleApp1.csproj", "{35BF3EE0-778A-452E-9F6D-9AEDB1BAE8AA}"
EndProject
Global
	GlobalSection(SolutionConfigurationPlatforms) = preSolution
		Debug|Any CPU = Debug|Any CPU
		Release|Any CPU = Release|Any CPU
	EndGlobalSection
	GlobalSection(ProjectConfigurationPlatforms) = postSolution
		{985D4B79-F67D-41F3-B810-0BDAAC040E78}.Debug|Any CPU.ActiveCfg = Debug|Any CPU
		{985D4B79-F67D-41F3-B810-0BDAAC040E78}.Debug|Any CPU.Build.0 = Debug|Any CPU
		{985D4B79-F67D-41F3-B810-0BDAAC040E78}.Release|Any CPU.ActiveCfg = Release|Any CPU
		{985D4B79-F67D-41F3-B810-0BDAAC040E78}.Release|Any CPU.Build.0 = Release|Any CPU
		{35BF3EE0-778A-452E-9F6D-9AEDB1BAE8AA}.Debug|Any CPU.ActiveCfg = Debug|Any CPU
		{35BF3EE0-778A-452E-9F6D-9AEDB1BAE8AA}.Debug|Any CPU.Build.0 = Debug|Any CPU
		{35BF3EE0-778A-452E-9F6D-9AEDB1BAE8AA}.Release|Any CPU.ActiveCfg = Release|Any CPU
		{35BF3EE0-778A-452E-9F6D-9AEDB1BAE8AA}.Release|Any CPU.Build.0 = Release|Any CPU
	EndGlobalSection
	GlobalSection(SolutionProperties) = preSolution
		HideSolutionNode = FALSE
	EndGlobalSection
	GlobalSection(ExtensibilityGlobals) = postSolution
		SolutionGuid = {933D2590-490C-45D9-BEB9-D660679E88B2}
	EndGlobalSection
EndGlobal
